{
  "object": {
    "pins": [
      {
        "package": "KMPNativeCoroutines",
        "repositoryURL": "https://github.com/rickclephas/KMP-NativeCoroutines",
        "state": {
          "branch": "spm/combine",
          "revision": "efbbcf6f1a0b682e8c6ac146061cc261d4df046a",
          "version": null
        }
      }
    ]
  },
  "version": 1
}
